// !$*UTF8*$!
{
	archiveVersion = 1;
	classes = {
	};
	objectVersion = 51;
	objects = {

/* Begin PBXBuildFile section */
		11E9A4A1087883FA9436A8BB /* Pods_Consumi_IliadTests.framework in Frameworks */ = {isa = PBXBuildFile; fileRef = 4C934E872F5516DEBCF7AEEE /* Pods_Consumi_IliadTests.framework */; };
		16DD43E52C9298FB4E408912 /* Pods_Consumi_Iliad.framework in Frameworks */ = {isa = PBXBuildFile; fileRef = CADEF4F413FA126F6AC459FA /* Pods_Consumi_Iliad.framework */; };
		6614A1342527BA3100592856 /* TopMenuView.swift in Sources */ = {isa = PBXBuildFile; fileRef = 6614A1332527BA3100592856 /* TopMenuView.swift */; };
		6614A1392527BA9000592856 /* ConsumiViewController.swift in Sources */ = {isa = PBXBuildFile; fileRef = 6614A1382527BA9000592856 /* ConsumiViewController.swift */; };
		6614A13E2527BAB500592856 /* ConsumiCollectionViewCell.swift in Sources */ = {isa = PBXBuildFile; fileRef = 6614A13D2527BAB500592856 /* ConsumiCollectionViewCell.swift */; };
		6614A1432527BFAA00592856 /* MenuCollectionViewCell.swift in Sources */ = {isa = PBXBuildFile; fileRef = 6614A1422527BFAA00592856 /* MenuCollectionViewCell.swift */; };
		6614A14825286F2400592856 /* ConsumiTableViewCell.swift in Sources */ = {isa = PBXBuildFile; fileRef = 6614A14725286F2400592856 /* ConsumiTableViewCell.swift */; };
		6614A14D252A066800592856 /* OffertaCollectionViewCell.swift in Sources */ = {isa = PBXBuildFile; fileRef = 6614A14C252A066800592856 /* OffertaCollectionViewCell.swift */; };
		6614A152252A084F00592856 /* Offerta.swift in Sources */ = {isa = PBXBuildFile; fileRef = 6614A151252A084F00592856 /* Offerta.swift */; };
		6614A15A252A09C000592856 /* OffertaParser.swift in Sources */ = {isa = PBXBuildFile; fileRef = 6614A159252A09C000592856 /* OffertaParser.swift */; };
		6614A15F252A241600592856 /* IliadElement.swift in Sources */ = {isa = PBXBuildFile; fileRef = 6614A15E252A241600592856 /* IliadElement.swift */; };
		6614A164252A25C700592856 /* HomeFooterCollectionReusableView.swift in Sources */ = {isa = PBXBuildFile; fileRef = 6614A163252A25C700592856 /* HomeFooterCollectionReusableView.swift */; };
		66376B4D25246AB100D54DDB /* LoadingAlert.swift in Sources */ = {isa = PBXBuildFile; fileRef = 66376B4C25246AB100D54DDB /* LoadingAlert.swift */; };
		66638DEF25247777001A1540 /* ErrorAlertController.swift in Sources */ = {isa = PBXBuildFile; fileRef = 66638DEE25247777001A1540 /* ErrorAlertController.swift */; };
		6673780E2523C47E00145659 /* LoginViewController.swift in Sources */ = {isa = PBXBuildFile; fileRef = 6673780D2523C47E00145659 /* LoginViewController.swift */; };
		667378172523CBAF00145659 /* DataDownloader.swift in Sources */ = {isa = PBXBuildFile; fileRef = 667378162523CBAF00145659 /* DataDownloader.swift */; };
		6673781C2523CC2F00145659 /* SessionManager.swift in Sources */ = {isa = PBXBuildFile; fileRef = 6673781B2523CC2F00145659 /* SessionManager.swift */; };
		66AEA86C2523C2F000DF2A35 /* AppDelegate.swift in Sources */ = {isa = PBXBuildFile; fileRef = 66AEA86B2523C2F000DF2A35 /* AppDelegate.swift */; };
		66AEA86E2523C2F000DF2A35 /* SceneDelegate.swift in Sources */ = {isa = PBXBuildFile; fileRef = 66AEA86D2523C2F000DF2A35 /* SceneDelegate.swift */; };
		66AEA8702523C2F000DF2A35 /* ViewController.swift in Sources */ = {isa = PBXBuildFile; fileRef = 66AEA86F2523C2F000DF2A35 /* ViewController.swift */; };
		66AEA8752523C2F000DF2A35 /* Assets.xcassets in Resources */ = {isa = PBXBuildFile; fileRef = 66AEA8742523C2F000DF2A35 /* Assets.xcassets */; };
		66AEA8782523C2F000DF2A35 /* LaunchScreen.storyboard in Resources */ = {isa = PBXBuildFile; fileRef = 66AEA8762523C2F000DF2A35 /* LaunchScreen.storyboard */; };
		66AEA8832523C2F100DF2A35 /* Consumi_IliadTests.swift in Sources */ = {isa = PBXBuildFile; fileRef = 66AEA8822523C2F100DF2A35 /* Consumi_IliadTests.swift */; };
		66AEA88E2523C2F100DF2A35 /* Consumi_IliadUITests.swift in Sources */ = {isa = PBXBuildFile; fileRef = 66AEA88D2523C2F100DF2A35 /* Consumi_IliadUITests.swift */; };
		66AEA8A22523C38500DF2A35 /* LoadingViewController.swift in Sources */ = {isa = PBXBuildFile; fileRef = 66AEA8A12523C38500DF2A35 /* LoadingViewController.swift */; };
		66D284C72525B69300DE12C3 /* RicaricaViewController.swift in Sources */ = {isa = PBXBuildFile; fileRef = 66D284C62525B69300DE12C3 /* RicaricaViewController.swift */; };
		66D284CC2525B6E600DE12C3 /* CloseHeaderView.swift in Sources */ = {isa = PBXBuildFile; fileRef = 66D284CB2525B6E600DE12C3 /* CloseHeaderView.swift */; };
		66D284D12525D50A00DE12C3 /* Model.swift in Sources */ = {isa = PBXBuildFile; fileRef = 66D284D02525D50A00DE12C3 /* Model.swift */; };
		66D284D62526015400DE12C3 /* SettingsViewController.swift in Sources */ = {isa = PBXBuildFile; fileRef = 66D284D52526015400DE12C3 /* SettingsViewController.swift */; };
		66D284DB2526042200DE12C3 /* NavigationHeaderView.swift in Sources */ = {isa = PBXBuildFile; fileRef = 66D284DA2526042200DE12C3 /* NavigationHeaderView.swift */; };
		66D284E7252607F400DE12C3 /* TextTableViewCell.swift in Sources */ = {isa = PBXBuildFile; fileRef = 66D284E6252607F400DE12C3 /* TextTableViewCell.swift */; };
		66D284F7252609B300DE12C3 /* SwitchTableViewCell.swift in Sources */ = {isa = PBXBuildFile; fileRef = 66D284F6252609B300DE12C3 /* SwitchTableViewCell.swift */; };
		66D284FC25260BD200DE12C3 /* SettingsTableViewHeader.swift in Sources */ = {isa = PBXBuildFile; fileRef = 66D284FB25260BD200DE12C3 /* SettingsTableViewHeader.swift */; };
		66D2850125260E7000DE12C3 /* InfoViewController.swift in Sources */ = {isa = PBXBuildFile; fileRef = 66D2850025260E7000DE12C3 /* InfoViewController.swift */; };
		66D285062526641D00DE12C3 /* CreditoCollectionViewCell.swift in Sources */ = {isa = PBXBuildFile; fileRef = 66D285052526641D00DE12C3 /* CreditoCollectionViewCell.swift */; };
		66D285102526681500DE12C3 /* informazioni.txt in Resources */ = {isa = PBXBuildFile; fileRef = 66D2850F2526681500DE12C3 /* informazioni.txt */; };
		66D2851625266E1800DE12C3 /* Parser.swift in Sources */ = {isa = PBXBuildFile; fileRef = 66D2851525266E1800DE12C3 /* Parser.swift */; };
		66D2851E252672E000DE12C3 /* SoglieParser.swift in Sources */ = {isa = PBXBuildFile; fileRef = 66D2851D252672E000DE12C3 /* SoglieParser.swift */; };
		66D2852325275C6800DE12C3 /* DataManager.swift in Sources */ = {isa = PBXBuildFile; fileRef = 66D2852225275C6800DE12C3 /* DataManager.swift */; };
		66D285282527610800DE12C3 /* Soglie.swift in Sources */ = {isa = PBXBuildFile; fileRef = 66D285272527610800DE12C3 /* Soglie.swift */; };
		66D2852D2527671300DE12C3 /* LoadingCollectionViewCell.swift in Sources */ = {isa = PBXBuildFile; fileRef = 66D2852C2527671300DE12C3 /* LoadingCollectionViewCell.swift */; };
		66D28538252768A500DE12C3 /* LoadingAnimationExtension.swift in Sources */ = {isa = PBXBuildFile; fileRef = 66D28537252768A500DE12C3 /* LoadingAnimationExtension.swift */; };
		66D285512527748900DE12C3 /* Contatore.swift in Sources */ = {isa = PBXBuildFile; fileRef = 66D285502527748900DE12C3 /* Contatore.swift */; };
		66D2855625277B1200DE12C3 /* SogliaView.swift in Sources */ = {isa = PBXBuildFile; fileRef = 66D2855525277B1200DE12C3 /* SogliaView.swift */; };
		66E5D2B92525172200B8F279 /* HomeHeaderView.swift in Sources */ = {isa = PBXBuildFile; fileRef = 66E5D2B82525172200B8F279 /* HomeHeaderView.swift */; };
		66E5D2C1252519A800B8F279 /* SogliaCollectionViewCell.swift in Sources */ = {isa = PBXBuildFile; fileRef = 66E5D2C0252519A800B8F279 /* SogliaCollectionViewCell.swift */; };
		66E5D2C825251DF700B8F279 /* User.swift in Sources */ = {isa = PBXBuildFile; fileRef = 66E5D2C725251DF700B8F279 /* User.swift */; };
		DEC85EA1B720B1EF1EA34F31 /* Pods_Consumi_Iliad_Consumi_IliadUITests.framework in Frameworks */ = {isa = PBXBuildFile; fileRef = 5746E48E88F770E4BA0DD22E /* Pods_Consumi_Iliad_Consumi_IliadUITests.framework */; };
/* End PBXBuildFile section */

/* Begin PBXContainerItemProxy section */
		66AEA87F2523C2F100DF2A35 /* PBXContainerItemProxy */ = {
			isa = PBXContainerItemProxy;
			containerPortal = 66AEA8602523C2EF00DF2A35 /* Project object */;
			proxyType = 1;
			remoteGlobalIDString = 66AEA8672523C2F000DF2A35;
			remoteInfo = "Consumi Iliad";
		};
		66AEA88A2523C2F100DF2A35 /* PBXContainerItemProxy */ = {
			isa = PBXContainerItemProxy;
			containerPortal = 66AEA8602523C2EF00DF2A35 /* Project object */;
			proxyType = 1;
			remoteGlobalIDString = 66AEA8672523C2F000DF2A35;
			remoteInfo = "Consumi Iliad";
		};
/* End PBXContainerItemProxy section */

/* Begin PBXFileReference section */
		25D5027A38EC6691E5FBB85D /* Pods-Consumi Iliad.debug.xcconfig */ = {isa = PBXFileReference; includeInIndex = 1; lastKnownFileType = text.xcconfig; name = "Pods-Consumi Iliad.debug.xcconfig"; path = "Target Support Files/Pods-Consumi Iliad/Pods-Consumi Iliad.debug.xcconfig"; sourceTree = "<group>"; };
		2FD580B899528EBF988B6B8E /* Pods-Consumi Iliad.release.xcconfig */ = {isa = PBXFileReference; includeInIndex = 1; lastKnownFileType = text.xcconfig; name = "Pods-Consumi Iliad.release.xcconfig"; path = "Target Support Files/Pods-Consumi Iliad/Pods-Consumi Iliad.release.xcconfig"; sourceTree = "<group>"; };
		3533AC18E877B9CA8AF33141 /* Pods-Consumi Iliad-Consumi IliadUITests.debug.xcconfig */ = {isa = PBXFileReference; includeInIndex = 1; lastKnownFileType = text.xcconfig; name = "Pods-Consumi Iliad-Consumi IliadUITests.debug.xcconfig"; path = "Target Support Files/Pods-Consumi Iliad-Consumi IliadUITests/Pods-Consumi Iliad-Consumi IliadUITests.debug.xcconfig"; sourceTree = "<group>"; };
		4C934E872F5516DEBCF7AEEE /* Pods_Consumi_IliadTests.framework */ = {isa = PBXFileReference; explicitFileType = wrapper.framework; includeInIndex = 0; path = Pods_Consumi_IliadTests.framework; sourceTree = BUILT_PRODUCTS_DIR; };
		5746E48E88F770E4BA0DD22E /* Pods_Consumi_Iliad_Consumi_IliadUITests.framework */ = {isa = PBXFileReference; explicitFileType = wrapper.framework; includeInIndex = 0; path = Pods_Consumi_Iliad_Consumi_IliadUITests.framework; sourceTree = BUILT_PRODUCTS_DIR; };
		6614A1332527BA3100592856 /* TopMenuView.swift */ = {isa = PBXFileReference; lastKnownFileType = sourcecode.swift; path = TopMenuView.swift; sourceTree = "<group>"; };
		6614A1382527BA9000592856 /* ConsumiViewController.swift */ = {isa = PBXFileReference; lastKnownFileType = sourcecode.swift; path = ConsumiViewController.swift; sourceTree = "<group>"; };
		6614A13D2527BAB500592856 /* ConsumiCollectionViewCell.swift */ = {isa = PBXFileReference; lastKnownFileType = sourcecode.swift; path = ConsumiCollectionViewCell.swift; sourceTree = "<group>"; };
		6614A1422527BFAA00592856 /* MenuCollectionViewCell.swift */ = {isa = PBXFileReference; lastKnownFileType = sourcecode.swift; path = MenuCollectionViewCell.swift; sourceTree = "<group>"; };
		6614A14725286F2400592856 /* ConsumiTableViewCell.swift */ = {isa = PBXFileReference; lastKnownFileType = sourcecode.swift; path = ConsumiTableViewCell.swift; sourceTree = "<group>"; };
		6614A14C252A066800592856 /* OffertaCollectionViewCell.swift */ = {isa = PBXFileReference; lastKnownFileType = sourcecode.swift; path = OffertaCollectionViewCell.swift; sourceTree = "<group>"; };
		6614A151252A084F00592856 /* Offerta.swift */ = {isa = PBXFileReference; lastKnownFileType = sourcecode.swift; path = Offerta.swift; sourceTree = "<group>"; };
		6614A159252A09C000592856 /* OffertaParser.swift */ = {isa = PBXFileReference; lastKnownFileType = sourcecode.swift; path = OffertaParser.swift; sourceTree = "<group>"; };
		6614A15E252A241600592856 /* IliadElement.swift */ = {isa = PBXFileReference; lastKnownFileType = sourcecode.swift; path = IliadElement.swift; sourceTree = "<group>"; };
		6614A163252A25C700592856 /* HomeFooterCollectionReusableView.swift */ = {isa = PBXFileReference; lastKnownFileType = sourcecode.swift; path = HomeFooterCollectionReusableView.swift; sourceTree = "<group>"; };
		66376B4C25246AB100D54DDB /* LoadingAlert.swift */ = {isa = PBXFileReference; lastKnownFileType = sourcecode.swift; path = LoadingAlert.swift; sourceTree = "<group>"; };
		66638DEE25247777001A1540 /* ErrorAlertController.swift */ = {isa = PBXFileReference; lastKnownFileType = sourcecode.swift; path = ErrorAlertController.swift; sourceTree = "<group>"; };
		6673780D2523C47E00145659 /* LoginViewController.swift */ = {isa = PBXFileReference; lastKnownFileType = sourcecode.swift; path = LoginViewController.swift; sourceTree = "<group>"; };
		667378162523CBAF00145659 /* DataDownloader.swift */ = {isa = PBXFileReference; lastKnownFileType = sourcecode.swift; path = DataDownloader.swift; sourceTree = "<group>"; };
		6673781B2523CC2F00145659 /* SessionManager.swift */ = {isa = PBXFileReference; fileEncoding = 4; lastKnownFileType = sourcecode.swift; path = SessionManager.swift; sourceTree = "<group>"; };
		66AEA8682523C2F000DF2A35 /* Consumi Iliad.app */ = {isa = PBXFileReference; explicitFileType = wrapper.application; includeInIndex = 0; path = "Consumi Iliad.app"; sourceTree = BUILT_PRODUCTS_DIR; };
		66AEA86B2523C2F000DF2A35 /* AppDelegate.swift */ = {isa = PBXFileReference; lastKnownFileType = sourcecode.swift; path = AppDelegate.swift; sourceTree = "<group>"; };
		66AEA86D2523C2F000DF2A35 /* SceneDelegate.swift */ = {isa = PBXFileReference; lastKnownFileType = sourcecode.swift; path = SceneDelegate.swift; sourceTree = "<group>"; };
		66AEA86F2523C2F000DF2A35 /* ViewController.swift */ = {isa = PBXFileReference; lastKnownFileType = sourcecode.swift; path = ViewController.swift; sourceTree = "<group>"; };
		66AEA8742523C2F000DF2A35 /* Assets.xcassets */ = {isa = PBXFileReference; lastKnownFileType = folder.assetcatalog; path = Assets.xcassets; sourceTree = "<group>"; };
		66AEA8772523C2F000DF2A35 /* Base */ = {isa = PBXFileReference; lastKnownFileType = file.storyboard; name = Base; path = Base.lproj/LaunchScreen.storyboard; sourceTree = "<group>"; };
		66AEA8792523C2F000DF2A35 /* Info.plist */ = {isa = PBXFileReference; lastKnownFileType = text.plist.xml; path = Info.plist; sourceTree = "<group>"; };
		66AEA87E2523C2F100DF2A35 /* Consumi IliadTests.xctest */ = {isa = PBXFileReference; explicitFileType = wrapper.cfbundle; includeInIndex = 0; path = "Consumi IliadTests.xctest"; sourceTree = BUILT_PRODUCTS_DIR; };
		66AEA8822523C2F100DF2A35 /* Consumi_IliadTests.swift */ = {isa = PBXFileReference; lastKnownFileType = sourcecode.swift; path = Consumi_IliadTests.swift; sourceTree = "<group>"; };
		66AEA8842523C2F100DF2A35 /* Info.plist */ = {isa = PBXFileReference; lastKnownFileType = text.plist.xml; path = Info.plist; sourceTree = "<group>"; };
		66AEA8892523C2F100DF2A35 /* Consumi IliadUITests.xctest */ = {isa = PBXFileReference; explicitFileType = wrapper.cfbundle; includeInIndex = 0; path = "Consumi IliadUITests.xctest"; sourceTree = BUILT_PRODUCTS_DIR; };
		66AEA88D2523C2F100DF2A35 /* Consumi_IliadUITests.swift */ = {isa = PBXFileReference; lastKnownFileType = sourcecode.swift; path = Consumi_IliadUITests.swift; sourceTree = "<group>"; };
		66AEA88F2523C2F100DF2A35 /* Info.plist */ = {isa = PBXFileReference; lastKnownFileType = text.plist.xml; path = Info.plist; sourceTree = "<group>"; };
		66AEA8A12523C38500DF2A35 /* LoadingViewController.swift */ = {isa = PBXFileReference; lastKnownFileType = sourcecode.swift; path = LoadingViewController.swift; sourceTree = "<group>"; };
		66D284C62525B69300DE12C3 /* RicaricaViewController.swift */ = {isa = PBXFileReference; lastKnownFileType = sourcecode.swift; path = RicaricaViewController.swift; sourceTree = "<group>"; };
		66D284CB2525B6E600DE12C3 /* CloseHeaderView.swift */ = {isa = PBXFileReference; lastKnownFileType = sourcecode.swift; path = CloseHeaderView.swift; sourceTree = "<group>"; };
		66D284D02525D50A00DE12C3 /* Model.swift */ = {isa = PBXFileReference; lastKnownFileType = sourcecode.swift; path = Model.swift; sourceTree = "<group>"; };
		66D284D52526015400DE12C3 /* SettingsViewController.swift */ = {isa = PBXFileReference; lastKnownFileType = sourcecode.swift; path = SettingsViewController.swift; sourceTree = "<group>"; };
		66D284DA2526042200DE12C3 /* NavigationHeaderView.swift */ = {isa = PBXFileReference; lastKnownFileType = sourcecode.swift; path = NavigationHeaderView.swift; sourceTree = "<group>"; };
		66D284E6252607F400DE12C3 /* TextTableViewCell.swift */ = {isa = PBXFileReference; lastKnownFileType = sourcecode.swift; path = TextTableViewCell.swift; sourceTree = "<group>"; };
		66D284F6252609B300DE12C3 /* SwitchTableViewCell.swift */ = {isa = PBXFileReference; lastKnownFileType = sourcecode.swift; path = SwitchTableViewCell.swift; sourceTree = "<group>"; };
		66D284FB25260BD200DE12C3 /* SettingsTableViewHeader.swift */ = {isa = PBXFileReference; lastKnownFileType = sourcecode.swift; path = SettingsTableViewHeader.swift; sourceTree = "<group>"; };
		66D2850025260E7000DE12C3 /* InfoViewController.swift */ = {isa = PBXFileReference; lastKnownFileType = sourcecode.swift; path = InfoViewController.swift; sourceTree = "<group>"; };
		66D285052526641D00DE12C3 /* CreditoCollectionViewCell.swift */ = {isa = PBXFileReference; lastKnownFileType = sourcecode.swift; path = CreditoCollectionViewCell.swift; sourceTree = "<group>"; };
		66D2850F2526681500DE12C3 /* informazioni.txt */ = {isa = PBXFileReference; lastKnownFileType = text; path = informazioni.txt; sourceTree = "<group>"; };
		66D2851525266E1800DE12C3 /* Parser.swift */ = {isa = PBXFileReference; lastKnownFileType = sourcecode.swift; path = Parser.swift; sourceTree = "<group>"; };
		66D2851D252672E000DE12C3 /* SoglieParser.swift */ = {isa = PBXFileReference; lastKnownFileType = sourcecode.swift; path = SoglieParser.swift; sourceTree = "<group>"; };
		66D2852225275C6800DE12C3 /* DataManager.swift */ = {isa = PBXFileReference; lastKnownFileType = sourcecode.swift; path = DataManager.swift; sourceTree = "<group>"; };
		66D285272527610800DE12C3 /* Soglie.swift */ = {isa = PBXFileReference; lastKnownFileType = sourcecode.swift; path = Soglie.swift; sourceTree = "<group>"; };
		66D2852C2527671300DE12C3 /* LoadingCollectionViewCell.swift */ = {isa = PBXFileReference; lastKnownFileType = sourcecode.swift; path = LoadingCollectionViewCell.swift; sourceTree = "<group>"; };
		66D28537252768A500DE12C3 /* LoadingAnimationExtension.swift */ = {isa = PBXFileReference; lastKnownFileType = sourcecode.swift; path = LoadingAnimationExtension.swift; sourceTree = "<group>"; };
		66D285502527748900DE12C3 /* Contatore.swift */ = {isa = PBXFileReference; lastKnownFileType = sourcecode.swift; path = Contatore.swift; sourceTree = "<group>"; };
		66D2855525277B1200DE12C3 /* SogliaView.swift */ = {isa = PBXFileReference; lastKnownFileType = sourcecode.swift; path = SogliaView.swift; sourceTree = "<group>"; };
		66E5D2B82525172200B8F279 /* HomeHeaderView.swift */ = {isa = PBXFileReference; lastKnownFileType = sourcecode.swift; path = HomeHeaderView.swift; sourceTree = "<group>"; };
		66E5D2C0252519A800B8F279 /* SogliaCollectionViewCell.swift */ = {isa = PBXFileReference; lastKnownFileType = sourcecode.swift; path = SogliaCollectionViewCell.swift; sourceTree = "<group>"; };
		66E5D2C725251DF700B8F279 /* User.swift */ = {isa = PBXFileReference; lastKnownFileType = sourcecode.swift; path = User.swift; sourceTree = "<group>"; };
		6AAC21A30D3D46B4EA577CC7 /* Pods-Consumi IliadTests.release.xcconfig */ = {isa = PBXFileReference; includeInIndex = 1; lastKnownFileType = text.xcconfig; name = "Pods-Consumi IliadTests.release.xcconfig"; path = "Target Support Files/Pods-Consumi IliadTests/Pods-Consumi IliadTests.release.xcconfig"; sourceTree = "<group>"; };
		A0300C18E6F9EE1258E219C7 /* Pods-Consumi IliadTests.debug.xcconfig */ = {isa = PBXFileReference; includeInIndex = 1; lastKnownFileType = text.xcconfig; name = "Pods-Consumi IliadTests.debug.xcconfig"; path = "Target Support Files/Pods-Consumi IliadTests/Pods-Consumi IliadTests.debug.xcconfig"; sourceTree = "<group>"; };
		A3E136924583DAC6A45892BE /* Pods-Consumi Iliad-Consumi IliadUITests.release.xcconfig */ = {isa = PBXFileReference; includeInIndex = 1; lastKnownFileType = text.xcconfig; name = "Pods-Consumi Iliad-Consumi IliadUITests.release.xcconfig"; path = "Target Support Files/Pods-Consumi Iliad-Consumi IliadUITests/Pods-Consumi Iliad-Consumi IliadUITests.release.xcconfig"; sourceTree = "<group>"; };
		CADEF4F413FA126F6AC459FA /* Pods_Consumi_Iliad.framework */ = {isa = PBXFileReference; explicitFileType = wrapper.framework; includeInIndex = 0; path = Pods_Consumi_Iliad.framework; sourceTree = BUILT_PRODUCTS_DIR; };
/* End PBXFileReference section */

/* Begin PBXFrameworksBuildPhase section */
		66AEA8652523C2F000DF2A35 /* Frameworks */ = {
			isa = PBXFrameworksBuildPhase;
			buildActionMask = 2147483647;
			files = (
				16DD43E52C9298FB4E408912 /* Pods_Consumi_Iliad.framework in Frameworks */,
			);
			runOnlyForDeploymentPostprocessing = 0;
		};
		66AEA87B2523C2F100DF2A35 /* Frameworks */ = {
			isa = PBXFrameworksBuildPhase;
			buildActionMask = 2147483647;
			files = (
				11E9A4A1087883FA9436A8BB /* Pods_Consumi_IliadTests.framework in Frameworks */,
			);
			runOnlyForDeploymentPostprocessing = 0;
		};
		66AEA8862523C2F100DF2A35 /* Frameworks */ = {
			isa = PBXFrameworksBuildPhase;
			buildActionMask = 2147483647;
			files = (
				DEC85EA1B720B1EF1EA34F31 /* Pods_Consumi_Iliad_Consumi_IliadUITests.framework in Frameworks */,
			);
			runOnlyForDeploymentPostprocessing = 0;
		};
/* End PBXFrameworksBuildPhase section */

/* Begin PBXGroup section */
		5FDF9E19328B877F1DF23736 /* Pods */ = {
			isa = PBXGroup;
			children = (
				25D5027A38EC6691E5FBB85D /* Pods-Consumi Iliad.debug.xcconfig */,
				2FD580B899528EBF988B6B8E /* Pods-Consumi Iliad.release.xcconfig */,
				3533AC18E877B9CA8AF33141 /* Pods-Consumi Iliad-Consumi IliadUITests.debug.xcconfig */,
				A3E136924583DAC6A45892BE /* Pods-Consumi Iliad-Consumi IliadUITests.release.xcconfig */,
				A0300C18E6F9EE1258E219C7 /* Pods-Consumi IliadTests.debug.xcconfig */,
				6AAC21A30D3D46B4EA577CC7 /* Pods-Consumi IliadTests.release.xcconfig */,
			);
			path = Pods;
			sourceTree = "<group>";
		};
		66376B4B25246A9D00D54DDB /* Alert */ = {
			isa = PBXGroup;
			children = (
				66376B4C25246AB100D54DDB /* LoadingAlert.swift */,
				66638DEE25247777001A1540 /* ErrorAlertController.swift */,
			);
			path = Alert;
			sourceTree = "<group>";
		};
		667378152523CB9E00145659 /* Network */ = {
			isa = PBXGroup;
			children = (
				6673781B2523CC2F00145659 /* SessionManager.swift */,
				667378162523CBAF00145659 /* DataDownloader.swift */,
				66D2852225275C6800DE12C3 /* DataManager.swift */,
			);
			path = Network;
			sourceTree = "<group>";
		};
		667C15122525007F00560E49 /* CollectionViewCell */ = {
			isa = PBXGroup;
			children = (
				66E5D2C0252519A800B8F279 /* SogliaCollectionViewCell.swift */,
				66D285052526641D00DE12C3 /* CreditoCollectionViewCell.swift */,
				66D2852C2527671300DE12C3 /* LoadingCollectionViewCell.swift */,
				6614A13D2527BAB500592856 /* ConsumiCollectionViewCell.swift */,
				6614A1422527BFAA00592856 /* MenuCollectionViewCell.swift */,
				6614A14C252A066800592856 /* OffertaCollectionViewCell.swift */,
			);
			path = CollectionViewCell;
			sourceTree = "<group>";
		};
		66AEA85F2523C2EF00DF2A35 = {
			isa = PBXGroup;
			children = (
				66AEA86A2523C2F000DF2A35 /* Consumi Iliad */,
				66AEA8812523C2F100DF2A35 /* Consumi IliadTests */,
				66AEA88C2523C2F100DF2A35 /* Consumi IliadUITests */,
				66AEA8692523C2F000DF2A35 /* Products */,
				5FDF9E19328B877F1DF23736 /* Pods */,
				B7E69525D4A5691CBA4133F6 /* Frameworks */,
			);
			sourceTree = "<group>";
		};
		66AEA8692523C2F000DF2A35 /* Products */ = {
			isa = PBXGroup;
			children = (
				66AEA8682523C2F000DF2A35 /* Consumi Iliad.app */,
				66AEA87E2523C2F100DF2A35 /* Consumi IliadTests.xctest */,
				66AEA8892523C2F100DF2A35 /* Consumi IliadUITests.xctest */,
			);
			name = Products;
			sourceTree = "<group>";
		};
		66AEA86A2523C2F000DF2A35 /* Consumi Iliad */ = {
			isa = PBXGroup;
			children = (
				66D285362527688C00DE12C3 /* Utility */,
				66D2851425266E0D00DE12C3 /* Parser */,
				66D284E5252607CA00DE12C3 /* TableViewCells */,
				66E5D2C625251DEA00B8F279 /* Model */,
				66E5D2C525251DD600B8F279 /* Views */,
				667C15122525007F00560E49 /* CollectionViewCell */,
				66376B4B25246A9D00D54DDB /* Alert */,
				667378152523CB9E00145659 /* Network */,
				66AEA86B2523C2F000DF2A35 /* AppDelegate.swift */,
				66AEA86D2523C2F000DF2A35 /* SceneDelegate.swift */,
				66AEA86F2523C2F000DF2A35 /* ViewController.swift */,
				66AEA8742523C2F000DF2A35 /* Assets.xcassets */,
				66AEA8762523C2F000DF2A35 /* LaunchScreen.storyboard */,
				66AEA8792523C2F000DF2A35 /* Info.plist */,
				66AEA8A12523C38500DF2A35 /* LoadingViewController.swift */,
				6673780D2523C47E00145659 /* LoginViewController.swift */,
				66D284C62525B69300DE12C3 /* RicaricaViewController.swift */,
				66D284D52526015400DE12C3 /* SettingsViewController.swift */,
				66D2850025260E7000DE12C3 /* InfoViewController.swift */,
				66D2850F2526681500DE12C3 /* informazioni.txt */,
				6614A1382527BA9000592856 /* ConsumiViewController.swift */,
			);
			path = "Consumi Iliad";
			sourceTree = "<group>";
		};
		66AEA8812523C2F100DF2A35 /* Consumi IliadTests */ = {
			isa = PBXGroup;
			children = (
				66AEA8822523C2F100DF2A35 /* Consumi_IliadTests.swift */,
				66AEA8842523C2F100DF2A35 /* Info.plist */,
			);
			path = "Consumi IliadTests";
			sourceTree = "<group>";
		};
		66AEA88C2523C2F100DF2A35 /* Consumi IliadUITests */ = {
			isa = PBXGroup;
			children = (
				66AEA88D2523C2F100DF2A35 /* Consumi_IliadUITests.swift */,
				66AEA88F2523C2F100DF2A35 /* Info.plist */,
			);
			path = "Consumi IliadUITests";
			sourceTree = "<group>";
		};
		66D284E5252607CA00DE12C3 /* TableViewCells */ = {
			isa = PBXGroup;
			children = (
				66D284E6252607F400DE12C3 /* TextTableViewCell.swift */,
				66D284F6252609B300DE12C3 /* SwitchTableViewCell.swift */,
				6614A14725286F2400592856 /* ConsumiTableViewCell.swift */,
			);
			path = TableViewCells;
			sourceTree = "<group>";
		};
		66D2851425266E0D00DE12C3 /* Parser */ = {
			isa = PBXGroup;
			children = (
				66D2851525266E1800DE12C3 /* Parser.swift */,
				66D2851D252672E000DE12C3 /* SoglieParser.swift */,
				6614A159252A09C000592856 /* OffertaParser.swift */,
			);
			path = Parser;
			sourceTree = "<group>";
		};
		66D285362527688C00DE12C3 /* Utility */ = {
			isa = PBXGroup;
			children = (
				66D28537252768A500DE12C3 /* LoadingAnimationExtension.swift */,
			);
			path = Utility;
			sourceTree = "<group>";
		};
		66E5D2C525251DD600B8F279 /* Views */ = {
			isa = PBXGroup;
			children = (
				66E5D2B82525172200B8F279 /* HomeHeaderView.swift */,
				66D284CB2525B6E600DE12C3 /* CloseHeaderView.swift */,
				66D284DA2526042200DE12C3 /* NavigationHeaderView.swift */,
				66D284FB25260BD200DE12C3 /* SettingsTableViewHeader.swift */,
				66D285502527748900DE12C3 /* Contatore.swift */,
				66D2855525277B1200DE12C3 /* SogliaView.swift */,
				6614A1332527BA3100592856 /* TopMenuView.swift */,
				6614A163252A25C700592856 /* HomeFooterCollectionReusableView.swift */,
			);
			path = Views;
			sourceTree = "<group>";
		};
		66E5D2C625251DEA00B8F279 /* Model */ = {
			isa = PBXGroup;
			children = (
				66E5D2C725251DF700B8F279 /* User.swift */,
				66D284D02525D50A00DE12C3 /* Model.swift */,
				66D285272527610800DE12C3 /* Soglie.swift */,
				6614A151252A084F00592856 /* Offerta.swift */,
				6614A15E252A241600592856 /* IliadElement.swift */,
			);
			path = Model;
			sourceTree = "<group>";
		};
		B7E69525D4A5691CBA4133F6 /* Frameworks */ = {
			isa = PBXGroup;
			children = (
				CADEF4F413FA126F6AC459FA /* Pods_Consumi_Iliad.framework */,
				5746E48E88F770E4BA0DD22E /* Pods_Consumi_Iliad_Consumi_IliadUITests.framework */,
				4C934E872F5516DEBCF7AEEE /* Pods_Consumi_IliadTests.framework */,
			);
			name = Frameworks;
			sourceTree = "<group>";
		};
/* End PBXGroup section */

/* Begin PBXNativeTarget section */
		66AEA8672523C2F000DF2A35 /* Consumi Iliad */ = {
			isa = PBXNativeTarget;
			buildConfigurationList = 66AEA8922523C2F100DF2A35 /* Build configuration list for PBXNativeTarget "Consumi Iliad" */;
			buildPhases = (
				3A93E19F527AC7DE0B03DD89 /* [CP] Check Pods Manifest.lock */,
				66AEA8642523C2F000DF2A35 /* Sources */,
				66AEA8652523C2F000DF2A35 /* Frameworks */,
				66AEA8662523C2F000DF2A35 /* Resources */,
				3ADFC489DB2DE76906BD304F /* [CP] Embed Pods Frameworks */,
			);
			buildRules = (
			);
			dependencies = (
			);
			name = "Consumi Iliad";
			productName = "Consumi Iliad";
			productReference = 66AEA8682523C2F000DF2A35 /* Consumi Iliad.app */;
			productType = "com.apple.product-type.application";
		};
		66AEA87D2523C2F100DF2A35 /* Consumi IliadTests */ = {
			isa = PBXNativeTarget;
			buildConfigurationList = 66AEA8952523C2F100DF2A35 /* Build configuration list for PBXNativeTarget "Consumi IliadTests" */;
			buildPhases = (
				2B8B4BAAF7769A226FAB5FCD /* [CP] Check Pods Manifest.lock */,
				66AEA87A2523C2F100DF2A35 /* Sources */,
				66AEA87B2523C2F100DF2A35 /* Frameworks */,
				66AEA87C2523C2F100DF2A35 /* Resources */,
			);
			buildRules = (
			);
			dependencies = (
				66AEA8802523C2F100DF2A35 /* PBXTargetDependency */,
			);
			name = "Consumi IliadTests";
			productName = "Consumi IliadTests";
			productReference = 66AEA87E2523C2F100DF2A35 /* Consumi IliadTests.xctest */;
			productType = "com.apple.product-type.bundle.unit-test";
		};
		66AEA8882523C2F100DF2A35 /* Consumi IliadUITests */ = {
			isa = PBXNativeTarget;
			buildConfigurationList = 66AEA8982523C2F100DF2A35 /* Build configuration list for PBXNativeTarget "Consumi IliadUITests" */;
			buildPhases = (
				89231B233A9D0DFEF26316C4 /* [CP] Check Pods Manifest.lock */,
				66AEA8852523C2F100DF2A35 /* Sources */,
				66AEA8862523C2F100DF2A35 /* Frameworks */,
				66AEA8872523C2F100DF2A35 /* Resources */,
				529D2B46426E0FFD80FD3EC9 /* [CP] Embed Pods Frameworks */,
			);
			buildRules = (
			);
			dependencies = (
				66AEA88B2523C2F100DF2A35 /* PBXTargetDependency */,
			);
			name = "Consumi IliadUITests";
			productName = "Consumi IliadUITests";
			productReference = 66AEA8892523C2F100DF2A35 /* Consumi IliadUITests.xctest */;
			productType = "com.apple.product-type.bundle.ui-testing";
		};
/* End PBXNativeTarget section */

/* Begin PBXProject section */
		66AEA8602523C2EF00DF2A35 /* Project object */ = {
			isa = PBXProject;
			attributes = {
				LastSwiftUpdateCheck = 1200;
				LastUpgradeCheck = 1200;
				TargetAttributes = {
					66AEA8672523C2F000DF2A35 = {
						CreatedOnToolsVersion = 12.0.1;
					};
					66AEA87D2523C2F100DF2A35 = {
						CreatedOnToolsVersion = 12.0.1;
						TestTargetID = 66AEA8672523C2F000DF2A35;
					};
					66AEA8882523C2F100DF2A35 = {
						CreatedOnToolsVersion = 12.0.1;
						TestTargetID = 66AEA8672523C2F000DF2A35;
					};
				};
			};
			buildConfigurationList = 66AEA8632523C2EF00DF2A35 /* Build configuration list for PBXProject "Consumi Iliad" */;
			compatibilityVersion = "Xcode 9.3";
			developmentRegion = en;
			hasScannedForEncodings = 0;
			knownRegions = (
				en,
				Base,
			);
			mainGroup = 66AEA85F2523C2EF00DF2A35;
			productRefGroup = 66AEA8692523C2F000DF2A35 /* Products */;
			projectDirPath = "";
			projectRoot = "";
			targets = (
				66AEA8672523C2F000DF2A35 /* Consumi Iliad */,
				66AEA87D2523C2F100DF2A35 /* Consumi IliadTests */,
				66AEA8882523C2F100DF2A35 /* Consumi IliadUITests */,
			);
		};
/* End PBXProject section */

/* Begin PBXResourcesBuildPhase section */
		66AEA8662523C2F000DF2A35 /* Resources */ = {
			isa = PBXResourcesBuildPhase;
			buildActionMask = 2147483647;
			files = (
				66AEA8782523C2F000DF2A35 /* LaunchScreen.storyboard in Resources */,
				66D285102526681500DE12C3 /* informazioni.txt in Resources */,
				66AEA8752523C2F000DF2A35 /* Assets.xcassets in Resources */,
			);
			runOnlyForDeploymentPostprocessing = 0;
		};
		66AEA87C2523C2F100DF2A35 /* Resources */ = {
			isa = PBXResourcesBuildPhase;
			buildActionMask = 2147483647;
			files = (
			);
			runOnlyForDeploymentPostprocessing = 0;
		};
		66AEA8872523C2F100DF2A35 /* Resources */ = {
			isa = PBXResourcesBuildPhase;
			buildActionMask = 2147483647;
			files = (
			);
			runOnlyForDeploymentPostprocessing = 0;
		};
/* End PBXResourcesBuildPhase section */

/* Begin PBXShellScriptBuildPhase section */
		2B8B4BAAF7769A226FAB5FCD /* [CP] Check Pods Manifest.lock */ = {
			isa = PBXShellScriptBuildPhase;
			buildActionMask = 2147483647;
			files = (
			);
			inputFileListPaths = (
			);
			inputPaths = (
				"${PODS_PODFILE_DIR_PATH}/Podfile.lock",
				"${PODS_ROOT}/Manifest.lock",
			);
			name = "[CP] Check Pods Manifest.lock";
			outputFileListPaths = (
			);
			outputPaths = (
				"$(DERIVED_FILE_DIR)/Pods-Consumi IliadTests-checkManifestLockResult.txt",
			);
			runOnlyForDeploymentPostprocessing = 0;
			shellPath = /bin/sh;
			shellScript = "diff \"${PODS_PODFILE_DIR_PATH}/Podfile.lock\" \"${PODS_ROOT}/Manifest.lock\" > /dev/null\nif [ $? != 0 ] ; then\n    # print error to STDERR\n    echo \"error: The sandbox is not in sync with the Podfile.lock. Run 'pod install' or update your CocoaPods installation.\" >&2\n    exit 1\nfi\n# This output is used by Xcode 'outputs' to avoid re-running this script phase.\necho \"SUCCESS\" > \"${SCRIPT_OUTPUT_FILE_0}\"\n";
			showEnvVarsInLog = 0;
		};
		3A93E19F527AC7DE0B03DD89 /* [CP] Check Pods Manifest.lock */ = {
			isa = PBXShellScriptBuildPhase;
			buildActionMask = 2147483647;
			files = (
			);
			inputFileListPaths = (
			);
			inputPaths = (
				"${PODS_PODFILE_DIR_PATH}/Podfile.lock",
				"${PODS_ROOT}/Manifest.lock",
			);
			name = "[CP] Check Pods Manifest.lock";
			outputFileListPaths = (
			);
			outputPaths = (
				"$(DERIVED_FILE_DIR)/Pods-Consumi Iliad-checkManifestLockResult.txt",
			);
			runOnlyForDeploymentPostprocessing = 0;
			shellPath = /bin/sh;
			shellScript = "diff \"${PODS_PODFILE_DIR_PATH}/Podfile.lock\" \"${PODS_ROOT}/Manifest.lock\" > /dev/null\nif [ $? != 0 ] ; then\n    # print error to STDERR\n    echo \"error: The sandbox is not in sync with the Podfile.lock. Run 'pod install' or update your CocoaPods installation.\" >&2\n    exit 1\nfi\n# This output is used by Xcode 'outputs' to avoid re-running this script phase.\necho \"SUCCESS\" > \"${SCRIPT_OUTPUT_FILE_0}\"\n";
			showEnvVarsInLog = 0;
		};
		3ADFC489DB2DE76906BD304F /* [CP] Embed Pods Frameworks */ = {
			isa = PBXShellScriptBuildPhase;
			buildActionMask = 2147483647;
			files = (
			);
			inputFileListPaths = (
				"${PODS_ROOT}/Target Support Files/Pods-Consumi Iliad/Pods-Consumi Iliad-frameworks-${CONFIGURATION}-input-files.xcfilelist",
			);
			name = "[CP] Embed Pods Frameworks";
			outputFileListPaths = (
				"${PODS_ROOT}/Target Support Files/Pods-Consumi Iliad/Pods-Consumi Iliad-frameworks-${CONFIGURATION}-output-files.xcfilelist",
			);
			runOnlyForDeploymentPostprocessing = 0;
			shellPath = /bin/sh;
			shellScript = "\"${PODS_ROOT}/Target Support Files/Pods-Consumi Iliad/Pods-Consumi Iliad-frameworks.sh\"\n";
			showEnvVarsInLog = 0;
		};
		529D2B46426E0FFD80FD3EC9 /* [CP] Embed Pods Frameworks */ = {
			isa = PBXShellScriptBuildPhase;
			buildActionMask = 2147483647;
			files = (
			);
			inputFileListPaths = (
				"${PODS_ROOT}/Target Support Files/Pods-Consumi Iliad-Consumi IliadUITests/Pods-Consumi Iliad-Consumi IliadUITests-frameworks-${CONFIGURATION}-input-files.xcfilelist",
			);
			name = "[CP] Embed Pods Frameworks";
			outputFileListPaths = (
				"${PODS_ROOT}/Target Support Files/Pods-Consumi Iliad-Consumi IliadUITests/Pods-Consumi Iliad-Consumi IliadUITests-frameworks-${CONFIGURATION}-output-files.xcfilelist",
			);
			runOnlyForDeploymentPostprocessing = 0;
			shellPath = /bin/sh;
			shellScript = "\"${PODS_ROOT}/Target Support Files/Pods-Consumi Iliad-Consumi IliadUITests/Pods-Consumi Iliad-Consumi IliadUITests-frameworks.sh\"\n";
			showEnvVarsInLog = 0;
		};
		89231B233A9D0DFEF26316C4 /* [CP] Check Pods Manifest.lock */ = {
			isa = PBXShellScriptBuildPhase;
			buildActionMask = 2147483647;
			files = (
			);
			inputFileListPaths = (
			);
			inputPaths = (
				"${PODS_PODFILE_DIR_PATH}/Podfile.lock",
				"${PODS_ROOT}/Manifest.lock",
			);
			name = "[CP] Check Pods Manifest.lock";
			outputFileListPaths = (
			);
			outputPaths = (
				"$(DERIVED_FILE_DIR)/Pods-Consumi Iliad-Consumi IliadUITests-checkManifestLockResult.txt",
			);
			runOnlyForDeploymentPostprocessing = 0;
			shellPath = /bin/sh;
			shellScript = "diff \"${PODS_PODFILE_DIR_PATH}/Podfile.lock\" \"${PODS_ROOT}/Manifest.lock\" > /dev/null\nif [ $? != 0 ] ; then\n    # print error to STDERR\n    echo \"error: The sandbox is not in sync with the Podfile.lock. Run 'pod install' or update your CocoaPods installation.\" >&2\n    exit 1\nfi\n# This output is used by Xcode 'outputs' to avoid re-running this script phase.\necho \"SUCCESS\" > \"${SCRIPT_OUTPUT_FILE_0}\"\n";
			showEnvVarsInLog = 0;
		};
/* End PBXShellScriptBuildPhase section */

/* Begin PBXSourcesBuildPhase section */
		66AEA8642523C2F000DF2A35 /* Sources */ = {
			isa = PBXSourcesBuildPhase;
			buildActionMask = 2147483647;
			files = (
				66D28538252768A500DE12C3 /* LoadingAnimationExtension.swift in Sources */,
				66D284FC25260BD200DE12C3 /* SettingsTableViewHeader.swift in Sources */,
				6614A15A252A09C000592856 /* OffertaParser.swift in Sources */,
				66D284E7252607F400DE12C3 /* TextTableViewCell.swift in Sources */,
				6614A164252A25C700592856 /* HomeFooterCollectionReusableView.swift in Sources */,
				66D2855625277B1200DE12C3 /* SogliaView.swift in Sources */,
				66E5D2C825251DF700B8F279 /* User.swift in Sources */,
				6614A1342527BA3100592856 /* TopMenuView.swift in Sources */,
				66E5D2B92525172200B8F279 /* HomeHeaderView.swift in Sources */,
				66AEA8702523C2F000DF2A35 /* ViewController.swift in Sources */,
				66E5D2C1252519A800B8F279 /* SogliaCollectionViewCell.swift in Sources */,
				6614A1432527BFAA00592856 /* MenuCollectionViewCell.swift in Sources */,
				66AEA86C2523C2F000DF2A35 /* AppDelegate.swift in Sources */,
				6614A152252A084F00592856 /* Offerta.swift in Sources */,
				66D2852D2527671300DE12C3 /* LoadingCollectionViewCell.swift in Sources */,
				66638DEF25247777001A1540 /* ErrorAlertController.swift in Sources */,
				66D284DB2526042200DE12C3 /* NavigationHeaderView.swift in Sources */,
				66D284D12525D50A00DE12C3 /* Model.swift in Sources */,
				6614A15F252A241600592856 /* IliadElement.swift in Sources */,
				66D285512527748900DE12C3 /* Contatore.swift in Sources */,
				66376B4D25246AB100D54DDB /* LoadingAlert.swift in Sources */,
				66D2850125260E7000DE12C3 /* InfoViewController.swift in Sources */,
				66D284CC2525B6E600DE12C3 /* CloseHeaderView.swift in Sources */,
				66AEA86E2523C2F000DF2A35 /* SceneDelegate.swift in Sources */,
				6614A1392527BA9000592856 /* ConsumiViewController.swift in Sources */,
				6673780E2523C47E00145659 /* LoginViewController.swift in Sources */,
				66D284D62526015400DE12C3 /* SettingsViewController.swift in Sources */,
				66D285282527610800DE12C3 /* Soglie.swift in Sources */,
				66D284C72525B69300DE12C3 /* RicaricaViewController.swift in Sources */,
				6614A13E2527BAB500592856 /* ConsumiCollectionViewCell.swift in Sources */,
				66D285062526641D00DE12C3 /* CreditoCollectionViewCell.swift in Sources */,
				6614A14825286F2400592856 /* ConsumiTableViewCell.swift in Sources */,
				6614A14D252A066800592856 /* OffertaCollectionViewCell.swift in Sources */,
				6673781C2523CC2F00145659 /* SessionManager.swift in Sources */,
				66D284F7252609B300DE12C3 /* SwitchTableViewCell.swift in Sources */,
				667378172523CBAF00145659 /* DataDownloader.swift in Sources */,
				66D2852325275C6800DE12C3 /* DataManager.swift in Sources */,
				66D2851E252672E000DE12C3 /* SoglieParser.swift in Sources */,
				66D2851625266E1800DE12C3 /* Parser.swift in Sources */,
				66AEA8A22523C38500DF2A35 /* LoadingViewController.swift in Sources */,
			);
			runOnlyForDeploymentPostprocessing = 0;
		};
		66AEA87A2523C2F100DF2A35 /* Sources */ = {
			isa = PBXSourcesBuildPhase;
			buildActionMask = 2147483647;
			files = (
				66AEA8832523C2F100DF2A35 /* Consumi_IliadTests.swift in Sources */,
			);
			runOnlyForDeploymentPostprocessing = 0;
		};
		66AEA8852523C2F100DF2A35 /* Sources */ = {
			isa = PBXSourcesBuildPhase;
			buildActionMask = 2147483647;
			files = (
				66AEA88E2523C2F100DF2A35 /* Consumi_IliadUITests.swift in Sources */,
			);
			runOnlyForDeploymentPostprocessing = 0;
		};
/* End PBXSourcesBuildPhase section */

/* Begin PBXTargetDependency section */
		66AEA8802523C2F100DF2A35 /* PBXTargetDependency */ = {
			isa = PBXTargetDependency;
			target = 66AEA8672523C2F000DF2A35 /* Consumi Iliad */;
			targetProxy = 66AEA87F2523C2F100DF2A35 /* PBXContainerItemProxy */;
		};
		66AEA88B2523C2F100DF2A35 /* PBXTargetDependency */ = {
			isa = PBXTargetDependency;
			target = 66AEA8672523C2F000DF2A35 /* Consumi Iliad */;
			targetProxy = 66AEA88A2523C2F100DF2A35 /* PBXContainerItemProxy */;
		};
/* End PBXTargetDependency section */

/* Begin PBXVariantGroup section */
		66AEA8762523C2F000DF2A35 /* LaunchScreen.storyboard */ = {
			isa = PBXVariantGroup;
			children = (
				66AEA8772523C2F000DF2A35 /* Base */,
			);
			name = LaunchScreen.storyboard;
			sourceTree = "<group>";
		};
/* End PBXVariantGroup section */

/* Begin XCBuildConfiguration section */
		66AEA8902523C2F100DF2A35 /* Debug */ = {
			isa = XCBuildConfiguration;
			buildSettings = {
				ALWAYS_SEARCH_USER_PATHS = NO;
				CLANG_ANALYZER_NONNULL = YES;
				CLANG_ANALYZER_NUMBER_OBJECT_CONVERSION = YES_AGGRESSIVE;
				CLANG_CXX_LANGUAGE_STANDARD = "gnu++14";
				CLANG_CXX_LIBRARY = "libc++";
				CLANG_ENABLE_MODULES = YES;
				CLANG_ENABLE_OBJC_ARC = YES;
				CLANG_ENABLE_OBJC_WEAK = YES;
				CLANG_WARN_BLOCK_CAPTURE_AUTORELEASING = YES;
				CLANG_WARN_BOOL_CONVERSION = YES;
				CLANG_WARN_COMMA = YES;
				CLANG_WARN_CONSTANT_CONVERSION = YES;
				CLANG_WARN_DEPRECATED_OBJC_IMPLEMENTATIONS = YES;
				CLANG_WARN_DIRECT_OBJC_ISA_USAGE = YES_ERROR;
				CLANG_WARN_DOCUMENTATION_COMMENTS = YES;
				CLANG_WARN_EMPTY_BODY = YES;
				CLANG_WARN_ENUM_CONVERSION = YES;
				CLANG_WARN_INFINITE_RECURSION = YES;
				CLANG_WARN_INT_CONVERSION = YES;
				CLANG_WARN_NON_LITERAL_NULL_CONVERSION = YES;
				CLANG_WARN_OBJC_IMPLICIT_RETAIN_SELF = YES;
				CLANG_WARN_OBJC_LITERAL_CONVERSION = YES;
				CLANG_WARN_OBJC_ROOT_CLASS = YES_ERROR;
				CLANG_WARN_QUOTED_INCLUDE_IN_FRAMEWORK_HEADER = YES;
				CLANG_WARN_RANGE_LOOP_ANALYSIS = YES;
				CLANG_WARN_STRICT_PROTOTYPES = YES;
				CLANG_WARN_SUSPICIOUS_MOVE = YES;
				CLANG_WARN_UNGUARDED_AVAILABILITY = YES_AGGRESSIVE;
				CLANG_WARN_UNREACHABLE_CODE = YES;
				CLANG_WARN__DUPLICATE_METHOD_MATCH = YES;
				COPY_PHASE_STRIP = NO;
				DEBUG_INFORMATION_FORMAT = dwarf;
				ENABLE_STRICT_OBJC_MSGSEND = YES;
				ENABLE_TESTABILITY = YES;
				GCC_C_LANGUAGE_STANDARD = gnu11;
				GCC_DYNAMIC_NO_PIC = NO;
				GCC_NO_COMMON_BLOCKS = YES;
				GCC_OPTIMIZATION_LEVEL = 0;
				GCC_PREPROCESSOR_DEFINITIONS = (
					"DEBUG=1",
					"$(inherited)",
				);
				GCC_WARN_64_TO_32_BIT_CONVERSION = YES;
				GCC_WARN_ABOUT_RETURN_TYPE = YES_ERROR;
				GCC_WARN_UNDECLARED_SELECTOR = YES;
				GCC_WARN_UNINITIALIZED_AUTOS = YES_AGGRESSIVE;
				GCC_WARN_UNUSED_FUNCTION = YES;
				GCC_WARN_UNUSED_VARIABLE = YES;
				IPHONEOS_DEPLOYMENT_TARGET = 14.0;
				MTL_ENABLE_DEBUG_INFO = INCLUDE_SOURCE;
				MTL_FAST_MATH = YES;
				ONLY_ACTIVE_ARCH = YES;
				SDKROOT = iphoneos;
				SWIFT_ACTIVE_COMPILATION_CONDITIONS = DEBUG;
				SWIFT_OPTIMIZATION_LEVEL = "-Onone";
			};
			name = Debug;
		};
		66AEA8912523C2F100DF2A35 /* Release */ = {
			isa = XCBuildConfiguration;
			buildSettings = {
				ALWAYS_SEARCH_USER_PATHS = NO;
				CLANG_ANALYZER_NONNULL = YES;
				CLANG_ANALYZER_NUMBER_OBJECT_CONVERSION = YES_AGGRESSIVE;
				CLANG_CXX_LANGUAGE_STANDARD = "gnu++14";
				CLANG_CXX_LIBRARY = "libc++";
				CLANG_ENABLE_MODULES = YES;
				CLANG_ENABLE_OBJC_ARC = YES;
				CLANG_ENABLE_OBJC_WEAK = YES;
				CLANG_WARN_BLOCK_CAPTURE_AUTORELEASING = YES;
				CLANG_WARN_BOOL_CONVERSION = YES;
				CLANG_WARN_COMMA = YES;
				CLANG_WARN_CONSTANT_CONVERSION = YES;
				CLANG_WARN_DEPRECATED_OBJC_IMPLEMENTATIONS = YES;
				CLANG_WARN_DIRECT_OBJC_ISA_USAGE = YES_ERROR;
				CLANG_WARN_DOCUMENTATION_COMMENTS = YES;
				CLANG_WARN_EMPTY_BODY = YES;
				CLANG_WARN_ENUM_CONVERSION = YES;
				CLANG_WARN_INFINITE_RECURSION = YES;
				CLANG_WARN_INT_CONVERSION = YES;
				CLANG_WARN_NON_LITERAL_NULL_CONVERSION = YES;
				CLANG_WARN_OBJC_IMPLICIT_RETAIN_SELF = YES;
				CLANG_WARN_OBJC_LITERAL_CONVERSION = YES;
				CLANG_WARN_OBJC_ROOT_CLASS = YES_ERROR;
				CLANG_WARN_QUOTED_INCLUDE_IN_FRAMEWORK_HEADER = YES;
				CLANG_WARN_RANGE_LOOP_ANALYSIS = YES;
				CLANG_WARN_STRICT_PROTOTYPES = YES;
				CLANG_WARN_SUSPICIOUS_MOVE = YES;
				CLANG_WARN_UNGUARDED_AVAILABILITY = YES_AGGRESSIVE;
				CLANG_WARN_UNREACHABLE_CODE = YES;
				CLANG_WARN__DUPLICATE_METHOD_MATCH = YES;
				COPY_PHASE_STRIP = NO;
				DEBUG_INFORMATION_FORMAT = "dwarf-with-dsym";
				ENABLE_NS_ASSERTIONS = NO;
				ENABLE_STRICT_OBJC_MSGSEND = YES;
				GCC_C_LANGUAGE_STANDARD = gnu11;
				GCC_NO_COMMON_BLOCKS = YES;
				GCC_WARN_64_TO_32_BIT_CONVERSION = YES;
				GCC_WARN_ABOUT_RETURN_TYPE = YES_ERROR;
				GCC_WARN_UNDECLARED_SELECTOR = YES;
				GCC_WARN_UNINITIALIZED_AUTOS = YES_AGGRESSIVE;
				GCC_WARN_UNUSED_FUNCTION = YES;
				GCC_WARN_UNUSED_VARIABLE = YES;
				IPHONEOS_DEPLOYMENT_TARGET = 14.0;
				MTL_ENABLE_DEBUG_INFO = NO;
				MTL_FAST_MATH = YES;
				SDKROOT = iphoneos;
				SWIFT_COMPILATION_MODE = wholemodule;
				SWIFT_OPTIMIZATION_LEVEL = "-O";
				VALIDATE_PRODUCT = YES;
			};
			name = Release;
		};
		66AEA8932523C2F100DF2A35 /* Debug */ = {
			isa = XCBuildConfiguration;
			baseConfigurationReference = 25D5027A38EC6691E5FBB85D /* Pods-Consumi Iliad.debug.xcconfig */;
			buildSettings = {
				ASSETCATALOG_COMPILER_APPICON_NAME = AppIcon;
				ASSETCATALOG_COMPILER_GLOBAL_ACCENT_COLOR_NAME = AccentColor;
				CODE_SIGN_STYLE = Automatic;
				DEVELOPMENT_TEAM = 2FE7MP24X8;
				INFOPLIST_FILE = "Consumi Iliad/Info.plist";
				IPHONEOS_DEPLOYMENT_TARGET = 13.0;
				LD_RUNPATH_SEARCH_PATHS = (
					"$(inherited)",
					"@executable_path/Frameworks",
				);
				PRODUCT_BUNDLE_IDENTIFIER = "it.matteovisotto.Consumi-Iliad";
				PRODUCT_NAME = "$(TARGET_NAME)";
				SWIFT_VERSION = 5.0;
				TARGETED_DEVICE_FAMILY = 1;
			};
			name = Debug;
		};
		66AEA8942523C2F100DF2A35 /* Release */ = {
			isa = XCBuildConfiguration;
			baseConfigurationReference = 2FD580B899528EBF988B6B8E /* Pods-Consumi Iliad.release.xcconfig */;
			buildSettings = {
				ASSETCATALOG_COMPILER_APPICON_NAME = AppIcon;
				ASSETCATALOG_COMPILER_GLOBAL_ACCENT_COLOR_NAME = AccentColor;
				CODE_SIGN_STYLE = Automatic;
				DEVELOPMENT_TEAM = 2FE7MP24X8;
				INFOPLIST_FILE = "Consumi Iliad/Info.plist";
				IPHONEOS_DEPLOYMENT_TARGET = 13.0;
				LD_RUNPATH_SEARCH_PATHS = (
					"$(inherited)",
					"@executable_path/Frameworks",
				);
				PRODUCT_BUNDLE_IDENTIFIER = "it.matteovisotto.Consumi-Iliad";
				PRODUCT_NAME = "$(TARGET_NAME)";
				SWIFT_VERSION = 5.0;
				TARGETED_DEVICE_FAMILY = 1;
			};
			name = Release;
		};
		66AEA8962523C2F100DF2A35 /* Debug */ = {
			isa = XCBuildConfiguration;
			baseConfigurationReference = A0300C18E6F9EE1258E219C7 /* Pods-Consumi IliadTests.debug.xcconfig */;
			buildSettings = {
				ALWAYS_EMBED_SWIFT_STANDARD_LIBRARIES = YES;
				BUNDLE_LOADER = "$(TEST_HOST)";
				CODE_SIGN_STYLE = Automatic;
				DEVELOPMENT_TEAM = 2FE7MP24X8;
				INFOPLIST_FILE = "Consumi IliadTests/Info.plist";
				IPHONEOS_DEPLOYMENT_TARGET = 14.0;
				LD_RUNPATH_SEARCH_PATHS = (
					"$(inherited)",
					"@executable_path/Frameworks",
					"@loader_path/Frameworks",
				);
				PRODUCT_BUNDLE_IDENTIFIER = "it.matteovisotto.Consumi-IliadTests";
				PRODUCT_NAME = "$(TARGET_NAME)";
				SWIFT_VERSION = 5.0;
				TARGETED_DEVICE_FAMILY = "1,2";
				TEST_HOST = "$(BUILT_PRODUCTS_DIR)/Consumi Iliad.app/Consumi Iliad";
			};
			name = Debug;
		};
		66AEA8972523C2F100DF2A35 /* Release */ = {
			isa = XCBuildConfiguration;
			baseConfigurationReference = 6AAC21A30D3D46B4EA577CC7 /* Pods-Consumi IliadTests.release.xcconfig */;
			buildSettings = {
				ALWAYS_EMBED_SWIFT_STANDARD_LIBRARIES = YES;
				BUNDLE_LOADER = "$(TEST_HOST)";
				CODE_SIGN_STYLE = Automatic;
				DEVELOPMENT_TEAM = 2FE7MP24X8;
				INFOPLIST_FILE = "Consumi IliadTests/Info.plist";
				IPHONEOS_DEPLOYMENT_TARGET = 14.0;
				LD_RUNPATH_SEARCH_PATHS = (
					"$(inherited)",
					"@executable_path/Frameworks",
					"@loader_path/Frameworks",
				);
				PRODUCT_BUNDLE_IDENTIFIER = "it.matteovisotto.Consumi-IliadTests";
				PRODUCT_NAME = "$(TARGET_NAME)";
				SWIFT_VERSION = 5.0;
				TARGETED_DEVICE_FAMILY = "1,2";
				TEST_HOST = "$(BUILT_PRODUCTS_DIR)/Consumi Iliad.app/Consumi Iliad";
			};
			name = Release;
		};
		66AEA8992523C2F100DF2A35 /* Debug */ = {
			isa = XCBuildConfiguration;
			baseConfigurationReference = 3533AC18E877B9CA8AF33141 /* Pods-Consumi Iliad-Consumi IliadUITests.debug.xcconfig */;
			buildSettings = {
				ALWAYS_EMBED_SWIFT_STANDARD_LIBRARIES = YES;
				CODE_SIGN_STYLE = Automatic;
				DEVELOPMENT_TEAM = 2FE7MP24X8;
				INFOPLIST_FILE = "Consumi IliadUITests/Info.plist";
				LD_RUNPATH_SEARCH_PATHS = (
					"$(inherited)",
					"@executable_path/Frameworks",
					"@loader_path/Frameworks",
				);
				PRODUCT_BUNDLE_IDENTIFIER = "it.matteovisotto.Consumi-IliadUITests";
				PRODUCT_NAME = "$(TARGET_NAME)";
				SWIFT_VERSION = 5.0;
				TARGETED_DEVICE_FAMILY = "1,2";
				TEST_TARGET_NAME = "Consumi Iliad";
			};
			name = Debug;
		};
		66AEA89A2523C2F100DF2A35 /* Release */ = {
			isa = XCBuildConfiguration;
			baseConfigurationReference = A3E136924583DAC6A45892BE /* Pods-Consumi Iliad-Consumi IliadUITests.release.xcconfig */;
			buildSettings = {
				ALWAYS_EMBED_SWIFT_STANDARD_LIBRARIES = YES;
				CODE_SIGN_STYLE = Automatic;
				DEVELOPMENT_TEAM = 2FE7MP24X8;
				INFOPLIST_FILE = "Consumi IliadUITests/Info.plist";
				LD_RUNPATH_SEARCH_PATHS = (
					"$(inherited)",
					"@executable_path/Frameworks",
					"@loader_path/Frameworks",
				);
				PRODUCT_BUNDLE_IDENTIFIER = "it.matteovisotto.Consumi-IliadUITests";
				PRODUCT_NAME = "$(TARGET_NAME)";
				SWIFT_VERSION = 5.0;
				TARGETED_DEVICE_FAMILY = "1,2";
				TEST_TARGET_NAME = "Consumi Iliad";
			};
			name = Release;
		};
/* End XCBuildConfiguration section */

/* Begin XCConfigurationList section */
		66AEA8632523C2EF00DF2A35 /* Build configuration list for PBXProject "Consumi Iliad" */ = {
			isa = XCConfigurationList;
			buildConfigurations = (
				66AEA8902523C2F100DF2A35 /* Debug */,
				66AEA8912523C2F100DF2A35 /* Release */,
			);
			defaultConfigurationIsVisible = 0;
			defaultConfigurationName = Release;
		};
		66AEA8922523C2F100DF2A35 /* Build configuration list for PBXNativeTarget "Consumi Iliad" */ = {
			isa = XCConfigurationList;
			buildConfigurations = (
				66AEA8932523C2F100DF2A35 /* Debug */,
				66AEA8942523C2F100DF2A35 /* Release */,
			);
			defaultConfigurationIsVisible = 0;
			defaultConfigurationName = Release;
		};
		66AEA8952523C2F100DF2A35 /* Build configuration list for PBXNativeTarget "Consumi IliadTests" */ = {
			isa = XCConfigurationList;
			buildConfigurations = (
				66AEA8962523C2F100DF2A35 /* Debug */,
				66AEA8972523C2F100DF2A35 /* Release */,
			);
			defaultConfigurationIsVisible = 0;
			defaultConfigurationName = Release;
		};
		66AEA8982523C2F100DF2A35 /* Build configuration list for PBXNativeTarget "Consumi IliadUITests" */ = {
			isa = XCConfigurationList;
			buildConfigurations = (
				66AEA8992523C2F100DF2A35 /* Debug */,
				66AEA89A2523C2F100DF2A35 /* Release */,
			);
			defaultConfigurationIsVisible = 0;
			defaultConfigurationName = Release;
		};
/* End XCConfigurationList section */
	};
	rootObject = 66AEA8602523C2EF00DF2A35 /* Project object */;
}
